
Microsoft Visual Studio Solution File, Format Version 12.00
# Visual Studio Version 17
VisualStudioVersion = 17.7.34031.279
MinimumVisualStudioVersion = 10.0.40219.1
Project("{FAE04EC0-301F-11D3-BF4B-00C04F79EFBC}") = "Book System", "Book System\Book System.csproj", "{1857F850-2510-4F07-A761-81B1B1A2BBDB}"
EndProject
Global
	GlobalSection(SolutionConfigurationPlatforms) = preSolution
		Debug|Any CPU = Debug|Any CPU
		Release|Any CPU = Release|Any CPU
	EndGlobalSection
	GlobalSection(ProjectConfigurationPlatforms) = postSolution
		{1857F850-2510-4F07-A761-81B1B1A2BBDB}.Debug|Any CPU.ActiveCfg = Debug|Any CPU
		{1857F850-2510-4F07-A761-81B1B1A2BBDB}.Debug|Any CPU.Build.0 = Debug|Any CPU
		{1857F850-2510-4F07-A761-81B1B1A2BBDB}.Release|Any CPU.ActiveCfg = Release|Any CPU
		{1857F850-2510-4F07-A761-81B1B1A2BBDB}.Release|Any CPU.Build.0 = Release|Any CPU
	EndGlobalSection
	GlobalSection(SolutionProperties) = preSolution
		HideSolutionNode = FALSE
	EndGlobalSection
	GlobalSection(ExtensibilityGlobals) = postSolution
		SolutionGuid = {C01070E1-A96F-4536-B09C-899074EBD230}
	EndGlobalSection
EndGlobal
